
Microsoft Visual Studio Solution File, Format Version 12.00
# Visual Studio Version 17
VisualStudioVersion = 17.4.33122.133
MinimumVisualStudioVersion = 10.0.40219.1
Project("{FAE04EC0-301F-11D3-BF4B-00C04F79EFBC}") = "RequexTryParse", "RequexTryParse\RequexTryParse.csproj", "{5C3AC1F5-0431-4F60-8274-4D7895C8D736}"
EndProject
Project("{FAE04EC0-301F-11D3-BF4B-00C04F79EFBC}") = "PartailClass", "PartailClass\PartailClass.csproj", "{D2E33286-0227-4513-9E26-5C7E557E759D}"
EndProject
Global
	GlobalSection(SolutionConfigurationPlatforms) = preSolution
		Debug|Any CPU = Debug|Any CPU
		Release|Any CPU = Release|Any CPU
	EndGlobalSection
	GlobalSection(ProjectConfigurationPlatforms) = postSolution
		{5C3AC1F5-0431-4F60-8274-4D7895C8D736}.Debug|Any CPU.ActiveCfg = Debug|Any CPU
		{5C3AC1F5-0431-4F60-8274-4D7895C8D736}.Debug|Any CPU.Build.0 = Debug|Any CPU
		{5C3AC1F5-0431-4F60-8274-4D7895C8D736}.Release|Any CPU.ActiveCfg = Release|Any CPU
		{5C3AC1F5-0431-4F60-8274-4D7895C8D736}.Release|Any CPU.Build.0 = Release|Any CPU
		{D2E33286-0227-4513-9E26-5C7E557E759D}.Debug|Any CPU.ActiveCfg = Debug|Any CPU
		{D2E33286-0227-4513-9E26-5C7E557E759D}.Debug|Any CPU.Build.0 = Debug|Any CPU
		{D2E33286-0227-4513-9E26-5C7E557E759D}.Release|Any CPU.ActiveCfg = Release|Any CPU
		{D2E33286-0227-4513-9E26-5C7E557E759D}.Release|Any CPU.Build.0 = Release|Any CPU
	EndGlobalSection
	GlobalSection(SolutionProperties) = preSolution
		HideSolutionNode = FALSE
	EndGlobalSection
	GlobalSection(ExtensibilityGlobals) = postSolution
		SolutionGuid = {E0A360DB-5168-40A1-AFD0-6C0E4167B9F3}
	EndGlobalSection
EndGlobal
